
Microsoft Visual Studio Solution File, Format Version 12.00
# Visual Studio Version 18
VisualStudioVersion = 18.3.11512.155
MinimumVisualStudioVersion = 10.0.40219.1
Project("{2150E333-8FDC-42A3-9474-1A3956D46DE8}") = "demos", "demos", "{C7B26EB5-4B7F-41E6-A712-D1269A506AE2}"
EndProject
Project("{FAE04EC0-301F-11D3-BF4B-00C04F79EFBC}") = "Ananke.Abstractions", "Ananke.Abstractions\Ananke.Abstractions.csproj", "{D34BE250-EBB5-1D81-D8FF-BF85F0F385CB}"
EndProject
Project("{FAE04EC0-301F-11D3-BF4B-00C04F79EFBC}") = "Ananke.Orchestration", "Ananke.Orchestration\Ananke.Orchestration.csproj", "{B6D80F98-0145-13F9-E212-54F63A57932E}"
EndProject
Project("{FAE04EC0-301F-11D3-BF4B-00C04F79EFBC}") = "Ananke.Orchestration.OpenAI", "Ananke.Orchestration.OpenAI\Ananke.Orchestration.OpenAI.csproj", "{46E118C2-4337-A45F-6030-E88ACE149428}"
EndProject
Project("{FAE04EC0-301F-11D3-BF4B-00C04F79EFBC}") = "Ananke.Orchestration.Anthropic", "Ananke.Orchestration.Anthropic\Ananke.Orchestration.Anthropic.csproj", "{FE567491-A0B3-F6DD-43A8-33F9772B2BD9}"
EndProject
Project("{FAE04EC0-301F-11D3-BF4B-00C04F79EFBC}") = "Ananke.StateMachine", "Ananke.StateMachine\Ananke.StateMachine.csproj", "{EC96969E-3FAD-A17E-FAD3-9FB08DBE4184}"
EndProject
Project("{2150E333-8FDC-42A3-9474-1A3956D46DE8}") = ".docs", ".docs", "{451D028A-CEC9-4259-91E2-0AEBECF0C362}"
	ProjectSection(SolutionItems) = preProject
		..\docs\advanced-agent-features.md = ..\docs\advanced-agent-features.md
		..\docs\background.md = ..\docs\background.md
		..\docs\framework-comparison.md = ..\docs\framework-comparison.md
		..\README.md = ..\README.md
	EndProjectSection
EndProject
Project("{FAE04EC0-301F-11D3-BF4B-00C04F79EFBC}") = "Ananke", "Ananke\Ananke.csproj", "{AEEEE236-9AB9-20EC-3F78-C0B9B98BB6DC}"
EndProject
Project("{2150E333-8FDC-42A3-9474-1A3956D46DE8}") = ".pipeline", ".pipeline", "{99499068-B795-484E-B460-E014F780B203}"
	ProjectSection(SolutionItems) = preProject
		Directory.Build.props = Directory.Build.props
		..\.github\workflows\publish.yml = ..\.github\workflows\publish.yml
	EndProjectSection
EndProject
Project("{FAE04EC0-301F-11D3-BF4B-00C04F79EFBC}") = "Ananke.Redis", "Ananke.Redis\Ananke.Redis.csproj", "{85EFBD2D-9D77-8178-B869-454EB7663426}"
EndProject
Project("{FAE04EC0-301F-11D3-BF4B-00C04F79EFBC}") = "Ananke.MQTT", "Ananke.MQTT\Ananke.MQTT.csproj", "{B6DD443A-0D4C-34D1-0A07-15B0B9B88731}"
EndProject
Project("{FAE04EC0-301F-11D3-BF4B-00C04F79EFBC}") = "Ananke.OpenTelemetry", "Ananke.OpenTelemetry\Ananke.OpenTelemetry.csproj", "{FAC8BEA5-54DE-0099-05C0-8C782D93683E}"
EndProject
Project("{FAE04EC0-301F-11D3-BF4B-00C04F79EFBC}") = "ExtendedFlowDemo", "demos\ExtendedFlowDemo\ExtendedFlowDemo.csproj", "{5679C737-09E8-3ED3-AE3A-5286D2EC3DDE}"
EndProject
Project("{FAE04EC0-301F-11D3-BF4B-00C04F79EFBC}") = "Ananke.Design", "Ananke.Design\Ananke.Design.csproj", "{974DAD0D-4456-4A35-9CAD-8F026BE80809}"
EndProject
Project("{FAE04EC0-301F-11D3-BF4B-00C04F79EFBC}") = "DesignPipelineDemo", "demos\DesignPipelineDemo\DesignPipelineDemo.csproj", "{195EE824-2926-4BCC-8DC0-0BD1FB54ADC9}"
EndProject
Project("{FAE04EC0-301F-11D3-BF4B-00C04F79EFBC}") = "DistributedServicesDemo", "demos\DistributedServicesDemo\DistributedServicesDemo.csproj", "{F58C699E-6FDE-4AB4-9503-C25BDF1D0D77}"
EndProject
Project("{2150E333-8FDC-42A3-9474-1A3956D46DE8}") = ".internals", ".internals", "{95E0DD92-815C-4A77-87AE-DA0954674DD1}"
EndProject
Project("{FAE04EC0-301F-11D3-BF4B-00C04F79EFBC}") = "Ananke.MCP", "Ananke.MCP\Ananke.MCP.csproj", "{BA777216-1346-CB48-4858-E2D3461F8468}"
EndProject
Project("{FAE04EC0-301F-11D3-BF4B-00C04F79EFBC}") = "BasicAgentDemo", "demos\BasicAgentDemo\BasicAgentDemo.csproj", "{87A5B7AD-00A8-4181-ACD9-9541E522DA18}"
EndProject
Project("{FAE04EC0-301F-11D3-BF4B-00C04F79EFBC}") = "StateMachineDemo", "demos\StateMachineDemo\StateMachineDemo.csproj", "{6DBAC2AA-8502-420E-8C40-012423AC780C}"
EndProject
Project("{FAE04EC0-301F-11D3-BF4B-00C04F79EFBC}") = "Ananke.Orchestration.Google", "Ananke.Orchestration.Google\Ananke.Orchestration.Google.csproj", "{A3F88D80-36BB-4139-9A81-8F262E3A7068}"
EndProject
Project("{FAE04EC0-301F-11D3-BF4B-00C04F79EFBC}") = "LongTermMemoryDemo", "demos\LongTermMemoryDemo\LongTermMemoryDemo.csproj", "{0BB31452-B127-41E3-8F96-614542E3E366}"
EndProject
Project("{FAE04EC0-301F-11D3-BF4B-00C04F79EFBC}") = "Ananke.Qdrant", "Ananke.Qdrant\Ananke.Qdrant.csproj", "{9530DDC2-04DF-8D82-CF3C-006FFFBE71B0}"
EndProject
Project("{FAE04EC0-301F-11D3-BF4B-00C04F79EFBC}") = "Ananke.Documents", "Ananke.Documents\Ananke.Documents.csproj", "{CF3D1B2A-BBAA-5A97-0D8F-76062F2F6D37}"
EndProject
Project("{2150E333-8FDC-42A3-9474-1A3956D46DE8}") = "tests", "tests", "{C5A37EE8-4B27-44F5-9751-23B4156E9761}"
EndProject
Project("{FAE04EC0-301F-11D3-BF4B-00C04F79EFBC}") = "Ananke.Orchestration.Tests", "tests\Ananke.Orchestration.Tests\Ananke.Orchestration.Tests.csproj", "{953CF4D8-80FC-6C48-F087-FE3D052E52A2}"
EndProject
Project("{FAE04EC0-301F-11D3-BF4B-00C04F79EFBC}") = "Ananke.Design.Tests", "tests\Ananke.Design.Tests\Ananke.Design.Tests.csproj", "{4310EAD0-B720-403A-9691-F83D09789183}"
EndProject
Project("{FAE04EC0-301F-11D3-BF4B-00C04F79EFBC}") = "Ananke.Documents.Tests", "tests\Ananke.Documents.Tests\Ananke.Documents.Tests.csproj", "{4FE14721-4BA0-41D1-8B05-F741F46604DD}"
EndProject
Project("{FAE04EC0-301F-11D3-BF4B-00C04F79EFBC}") = "Ananke.StateMachine.Tests", "tests\Ananke.StateMachine.Tests\Ananke.StateMachine.Tests.csproj", "{2A399414-FBE2-40E4-8DF7-AE6DAA738E4A}"
EndProject
Project("{FAE04EC0-301F-11D3-BF4B-00C04F79EFBC}") = "McpServerDemo", "demos\McpServerDemo\McpServerDemo.csproj", "{BD045437-1824-2B50-734F-010D54367183}"
EndProject
Project("{FAE04EC0-301F-11D3-BF4B-00C04F79EFBC}") = "AgenticWebDemo", "demos\AgenticWebDemo\AgenticWebDemo.csproj", "{B1992339-F996-1BAC-D7A3-BA0D3BFA3CB2}"
EndProject
Project("{FAE04EC0-301F-11D3-BF4B-00C04F79EFBC}") = "SimpleWorkflowDemo", "demos\SimpleWorkflowDemo\SimpleWorkflowDemo.csproj", "{BDB116FA-CC73-F537-B93D-539EFF662549}"
EndProject
Global
	GlobalSection(SolutionConfigurationPlatforms) = preSolution
		Debug|Any CPU = Debug|Any CPU
		Debug|x64 = Debug|x64
		Debug|x86 = Debug|x86
		Release|Any CPU = Release|Any CPU
		Release|x64 = Release|x64
		Release|x86 = Release|x86
	EndGlobalSection
	GlobalSection(ProjectConfigurationPlatforms) = postSolution
		{D34BE250-EBB5-1D81-D8FF-BF85F0F385CB}.Debug|Any CPU.ActiveCfg = Debug|Any CPU
		{D34BE250-EBB5-1D81-D8FF-BF85F0F385CB}.Debug|Any CPU.Build.0 = Debug|Any CPU
		{D34BE250-EBB5-1D81-D8FF-BF85F0F385CB}.Debug|x64.ActiveCfg = Debug|Any CPU
		{D34BE250-EBB5-1D81-D8FF-BF85F0F385CB}.Debug|x64.Build.0 = Debug|Any CPU
		{D34BE250-EBB5-1D81-D8FF-BF85F0F385CB}.Debug|x86.ActiveCfg = Debug|Any CPU
		{D34BE250-EBB5-1D81-D8FF-BF85F0F385CB}.Debug|x86.Build.0 = Debug|Any CPU
		{D34BE250-EBB5-1D81-D8FF-BF85F0F385CB}.Release|Any CPU.ActiveCfg = Release|Any CPU
		{D34BE250-EBB5-1D81-D8FF-BF85F0F385CB}.Release|Any CPU.Build.0 = Release|Any CPU
		{D34BE250-EBB5-1D81-D8FF-BF85F0F385CB}.Release|x64.ActiveCfg = Release|Any CPU
		{D34BE250-EBB5-1D81-D8FF-BF85F0F385CB}.Release|x64.Build.0 = Release|Any CPU
		{D34BE250-EBB5-1D81-D8FF-BF85F0F385CB}.Release|x86.ActiveCfg = Release|Any CPU
		{D34BE250-EBB5-1D81-D8FF-BF85F0F385CB}.Release|x86.Build.0 = Release|Any CPU
		{B6D80F98-0145-13F9-E212-54F63A57932E}.Debug|Any CPU.ActiveCfg = Debug|Any CPU
		{B6D80F98-0145-13F9-E212-54F63A57932E}.Debug|Any CPU.Build.0 = Debug|Any CPU
		{B6D80F98-0145-13F9-E212-54F63A57932E}.Debug|x64.ActiveCfg = Debug|Any CPU
		{B6D80F98-0145-13F9-E212-54F63A57932E}.Debug|x64.Build.0 = Debug|Any CPU
		{B6D80F98-0145-13F9-E212-54F63A57932E}.Debug|x86.ActiveCfg = Debug|Any CPU
		{B6D80F98-0145-13F9-E212-54F63A57932E}.Debug|x86.Build.0 = Debug|Any CPU
		{B6D80F98-0145-13F9-E212-54F63A57932E}.Release|Any CPU.ActiveCfg = Release|Any CPU
		{B6D80F98-0145-13F9-E212-54F63A57932E}.Release|Any CPU.Build.0 = Release|Any CPU
		{B6D80F98-0145-13F9-E212-54F63A57932E}.Release|x64.ActiveCfg = Release|Any CPU
		{B6D80F98-0145-13F9-E212-54F63A57932E}.Release|x64.Build.0 = Release|Any CPU
		{B6D80F98-0145-13F9-E212-54F63A57932E}.Release|x86.ActiveCfg = Release|Any CPU
		{B6D80F98-0145-13F9-E212-54F63A57932E}.Release|x86.Build.0 = Release|Any CPU
		{46E118C2-4337-A45F-6030-E88ACE149428}.Debug|Any CPU.ActiveCfg = Debug|Any CPU
		{46E118C2-4337-A45F-6030-E88ACE149428}.Debug|Any CPU.Build.0 = Debug|Any CPU
		{46E118C2-4337-A45F-6030-E88ACE149428}.Debug|x64.ActiveCfg = Debug|Any CPU
		{46E118C2-4337-A45F-6030-E88ACE149428}.Debug|x64.Build.0 = Debug|Any CPU
		{46E118C2-4337-A45F-6030-E88ACE149428}.Debug|x86.ActiveCfg = Debug|Any CPU
		{46E118C2-4337-A45F-6030-E88ACE149428}.Debug|x86.Build.0 = Debug|Any CPU
		{46E118C2-4337-A45F-6030-E88ACE149428}.Release|Any CPU.ActiveCfg = Release|Any CPU
		{46E118C2-4337-A45F-6030-E88ACE149428}.Release|Any CPU.Build.0 = Release|Any CPU
		{46E118C2-4337-A45F-6030-E88ACE149428}.Release|x64.ActiveCfg = Release|Any CPU
		{46E118C2-4337-A45F-6030-E88ACE149428}.Release|x64.Build.0 = Release|Any CPU
		{46E118C2-4337-A45F-6030-E88ACE149428}.Release|x86.ActiveCfg = Release|Any CPU
		{46E118C2-4337-A45F-6030-E88ACE149428}.Release|x86.Build.0 = Release|Any CPU
		{FE567491-A0B3-F6DD-43A8-33F9772B2BD9}.Debug|Any CPU.ActiveCfg = Debug|Any CPU
		{FE567491-A0B3-F6DD-43A8-33F9772B2BD9}.Debug|Any CPU.Build.0 = Debug|Any CPU
		{FE567491-A0B3-F6DD-43A8-33F9772B2BD9}.Debug|x64.ActiveCfg = Debug|Any CPU
		{FE567491-A0B3-F6DD-43A8-33F9772B2BD9}.Debug|x64.Build.0 = Debug|Any CPU
		{FE567491-A0B3-F6DD-43A8-33F9772B2BD9}.Debug|x86.ActiveCfg = Debug|Any CPU
		{FE567491-A0B3-F6DD-43A8-33F9772B2BD9}.Debug|x86.Build.0 = Debug|Any CPU
		{FE567491-A0B3-F6DD-43A8-33F9772B2BD9}.Release|Any CPU.ActiveCfg = Release|Any CPU
		{FE567491-A0B3-F6DD-43A8-33F9772B2BD9}.Release|Any CPU.Build.0 = Release|Any CPU
		{FE567491-A0B3-F6DD-43A8-33F9772B2BD9}.Release|x64.ActiveCfg = Release|Any CPU
		{FE567491-A0B3-F6DD-43A8-33F9772B2BD9}.Release|x64.Build.0 = Release|Any CPU
		{FE567491-A0B3-F6DD-43A8-33F9772B2BD9}.Release|x86.ActiveCfg = Release|Any CPU
		{FE567491-A0B3-F6DD-43A8-33F9772B2BD9}.Release|x86.Build.0 = Release|Any CPU
		{EC96969E-3FAD-A17E-FAD3-9FB08DBE4184}.Debug|Any CPU.ActiveCfg = Debug|Any CPU
		{EC96969E-3FAD-A17E-FAD3-9FB08DBE4184}.Debug|Any CPU.Build.0 = Debug|Any CPU
		{EC96969E-3FAD-A17E-FAD3-9FB08DBE4184}.Debug|x64.ActiveCfg = Debug|Any CPU
		{EC96969E-3FAD-A17E-FAD3-9FB08DBE4184}.Debug|x64.Build.0 = Debug|Any CPU
		{EC96969E-3FAD-A17E-FAD3-9FB08DBE4184}.Debug|x86.ActiveCfg = Debug|Any CPU
		{EC96969E-3FAD-A17E-FAD3-9FB08DBE4184}.Debug|x86.Build.0 = Debug|Any CPU
		{EC96969E-3FAD-A17E-FAD3-9FB08DBE4184}.Release|Any CPU.ActiveCfg = Release|Any CPU
		{EC96969E-3FAD-A17E-FAD3-9FB08DBE4184}.Release|Any CPU.Build.0 = Release|Any CPU
		{EC96969E-3FAD-A17E-FAD3-9FB08DBE4184}.Release|x64.ActiveCfg = Release|Any CPU
		{EC96969E-3FAD-A17E-FAD3-9FB08DBE4184}.Release|x64.Build.0 = Release|Any CPU
		{EC96969E-3FAD-A17E-FAD3-9FB08DBE4184}.Release|x86.ActiveCfg = Release|Any CPU
		{EC96969E-3FAD-A17E-FAD3-9FB08DBE4184}.Release|x86.Build.0 = Release|Any CPU
		{AEEEE236-9AB9-20EC-3F78-C0B9B98BB6DC}.Debug|Any CPU.ActiveCfg = Debug|Any CPU
		{AEEEE236-9AB9-20EC-3F78-C0B9B98BB6DC}.Debug|Any CPU.Build.0 = Debug|Any CPU
		{AEEEE236-9AB9-20EC-3F78-C0B9B98BB6DC}.Debug|x64.ActiveCfg = Debug|Any CPU
		{AEEEE236-9AB9-20EC-3F78-C0B9B98BB6DC}.Debug|x64.Build.0 = Debug|Any CPU
		{AEEEE236-9AB9-20EC-3F78-C0B9B98BB6DC}.Debug|x86.ActiveCfg = Debug|Any CPU
		{AEEEE236-9AB9-20EC-3F78-C0B9B98BB6DC}.Debug|x86.Build.0 = Debug|Any CPU
		{AEEEE236-9AB9-20EC-3F78-C0B9B98BB6DC}.Release|Any CPU.ActiveCfg = Release|Any CPU
		{AEEEE236-9AB9-20EC-3F78-C0B9B98BB6DC}.Release|Any CPU.Build.0 = Release|Any CPU
		{AEEEE236-9AB9-20EC-3F78-C0B9B98BB6DC}.Release|x64.ActiveCfg = Release|Any CPU
		{AEEEE236-9AB9-20EC-3F78-C0B9B98BB6DC}.Release|x64.Build.0 = Release|Any CPU
		{AEEEE236-9AB9-20EC-3F78-C0B9B98BB6DC}.Release|x86.ActiveCfg = Release|Any CPU
		{AEEEE236-9AB9-20EC-3F78-C0B9B98BB6DC}.Release|x86.Build.0 = Release|Any CPU
		{85EFBD2D-9D77-8178-B869-454EB7663426}.Debug|Any CPU.ActiveCfg = Debug|Any CPU
		{85EFBD2D-9D77-8178-B869-454EB7663426}.Debug|Any CPU.Build.0 = Debug|Any CPU
		{85EFBD2D-9D77-8178-B869-454EB7663426}.Debug|x64.ActiveCfg = Debug|Any CPU
		{85EFBD2D-9D77-8178-B869-454EB7663426}.Debug|x64.Build.0 = Debug|Any CPU
		{85EFBD2D-9D77-8178-B869-454EB7663426}.Debug|x86.ActiveCfg = Debug|Any CPU
		{85EFBD2D-9D77-8178-B869-454EB7663426}.Debug|x86.Build.0 = Debug|Any CPU
		{85EFBD2D-9D77-8178-B869-454EB7663426}.Release|Any CPU.ActiveCfg = Release|Any CPU
		{85EFBD2D-9D77-8178-B869-454EB7663426}.Release|Any CPU.Build.0 = Release|Any CPU
		{85EFBD2D-9D77-8178-B869-454EB7663426}.Release|x64.ActiveCfg = Release|Any CPU
		{85EFBD2D-9D77-8178-B869-454EB7663426}.Release|x64.Build.0 = Release|Any CPU
		{85EFBD2D-9D77-8178-B869-454EB7663426}.Release|x86.ActiveCfg = Release|Any CPU
		{85EFBD2D-9D77-8178-B869-454EB7663426}.Release|x86.Build.0 = Release|Any CPU
		{B6DD443A-0D4C-34D1-0A07-15B0B9B88731}.Debug|Any CPU.ActiveCfg = Debug|Any CPU
		{B6DD443A-0D4C-34D1-0A07-15B0B9B88731}.Debug|Any CPU.Build.0 = Debug|Any CPU
		{B6DD443A-0D4C-34D1-0A07-15B0B9B88731}.Debug|x64.ActiveCfg = Debug|Any CPU
		{B6DD443A-0D4C-34D1-0A07-15B0B9B88731}.Debug|x64.Build.0 = Debug|Any CPU
		{B6DD443A-0D4C-34D1-0A07-15B0B9B88731}.Debug|x86.ActiveCfg = Debug|Any CPU
		{B6DD443A-0D4C-34D1-0A07-15B0B9B88731}.Debug|x86.Build.0 = Debug|Any CPU
		{B6DD443A-0D4C-34D1-0A07-15B0B9B88731}.Release|Any CPU.ActiveCfg = Release|Any CPU
		{B6DD443A-0D4C-34D1-0A07-15B0B9B88731}.Release|Any CPU.Build.0 = Release|Any CPU
		{B6DD443A-0D4C-34D1-0A07-15B0B9B88731}.Release|x64.ActiveCfg = Release|Any CPU
		{B6DD443A-0D4C-34D1-0A07-15B0B9B88731}.Release|x64.Build.0 = Release|Any CPU
		{B6DD443A-0D4C-34D1-0A07-15B0B9B88731}.Release|x86.ActiveCfg = Release|Any CPU
		{B6DD443A-0D4C-34D1-0A07-15B0B9B88731}.Release|x86.Build.0 = Release|Any CPU
		{FAC8BEA5-54DE-0099-05C0-8C782D93683E}.Debug|Any CPU.ActiveCfg = Debug|Any CPU
		{FAC8BEA5-54DE-0099-05C0-8C782D93683E}.Debug|Any CPU.Build.0 = Debug|Any CPU
		{FAC8BEA5-54DE-0099-05C0-8C782D93683E}.Debug|x64.ActiveCfg = Debug|Any CPU
		{FAC8BEA5-54DE-0099-05C0-8C782D93683E}.Debug|x64.Build.0 = Debug|Any CPU
		{FAC8BEA5-54DE-0099-05C0-8C782D93683E}.Debug|x86.ActiveCfg = Debug|Any CPU
		{FAC8BEA5-54DE-0099-05C0-8C782D93683E}.Debug|x86.Build.0 = Debug|Any CPU
		{FAC8BEA5-54DE-0099-05C0-8C782D93683E}.Release|Any CPU.ActiveCfg = Release|Any CPU
		{FAC8BEA5-54DE-0099-05C0-8C782D93683E}.Release|Any CPU.Build.0 = Release|Any CPU
		{FAC8BEA5-54DE-0099-05C0-8C782D93683E}.Release|x64.ActiveCfg = Release|Any CPU
		{FAC8BEA5-54DE-0099-05C0-8C782D93683E}.Release|x64.Build.0 = Release|Any CPU
		{FAC8BEA5-54DE-0099-05C0-8C782D93683E}.Release|x86.ActiveCfg = Release|Any CPU
		{FAC8BEA5-54DE-0099-05C0-8C782D93683E}.Release|x86.Build.0 = Release|Any CPU
		{5679C737-09E8-3ED3-AE3A-5286D2EC3DDE}.Debug|Any CPU.ActiveCfg = Debug|Any CPU
		{5679C737-09E8-3ED3-AE3A-5286D2EC3DDE}.Debug|Any CPU.Build.0 = Debug|Any CPU
		{5679C737-09E8-3ED3-AE3A-5286D2EC3DDE}.Debug|x64.ActiveCfg = Debug|Any CPU
		{5679C737-09E8-3ED3-AE3A-5286D2EC3DDE}.Debug|x64.Build.0 = Debug|Any CPU
		{5679C737-09E8-3ED3-AE3A-5286D2EC3DDE}.Debug|x86.ActiveCfg = Debug|Any CPU
		{5679C737-09E8-3ED3-AE3A-5286D2EC3DDE}.Debug|x86.Build.0 = Debug|Any CPU
		{5679C737-09E8-3ED3-AE3A-5286D2EC3DDE}.Release|Any CPU.ActiveCfg = Release|Any CPU
		{5679C737-09E8-3ED3-AE3A-5286D2EC3DDE}.Release|Any CPU.Build.0 = Release|Any CPU
		{5679C737-09E8-3ED3-AE3A-5286D2EC3DDE}.Release|x64.ActiveCfg = Release|Any CPU
		{5679C737-09E8-3ED3-AE3A-5286D2EC3DDE}.Release|x64.Build.0 = Release|Any CPU
		{5679C737-09E8-3ED3-AE3A-5286D2EC3DDE}.Release|x86.ActiveCfg = Release|Any CPU
		{5679C737-09E8-3ED3-AE3A-5286D2EC3DDE}.Release|x86.Build.0 = Release|Any CPU
		{974DAD0D-4456-4A35-9CAD-8F026BE80809}.Debug|Any CPU.ActiveCfg = Debug|Any CPU
		{974DAD0D-4456-4A35-9CAD-8F026BE80809}.Debug|Any CPU.Build.0 = Debug|Any CPU
		{974DAD0D-4456-4A35-9CAD-8F026BE80809}.Debug|x64.ActiveCfg = Debug|Any CPU
		{974DAD0D-4456-4A35-9CAD-8F026BE80809}.Debug|x64.Build.0 = Debug|Any CPU
		{974DAD0D-4456-4A35-9CAD-8F026BE80809}.Debug|x86.ActiveCfg = Debug|Any CPU
		{974DAD0D-4456-4A35-9CAD-8F026BE80809}.Debug|x86.Build.0 = Debug|Any CPU
		{974DAD0D-4456-4A35-9CAD-8F026BE80809}.Release|Any CPU.ActiveCfg = Release|Any CPU
		{974DAD0D-4456-4A35-9CAD-8F026BE80809}.Release|Any CPU.Build.0 = Release|Any CPU
		{974DAD0D-4456-4A35-9CAD-8F026BE80809}.Release|x64.ActiveCfg = Release|Any CPU
		{974DAD0D-4456-4A35-9CAD-8F026BE80809}.Release|x64.Build.0 = Release|Any CPU
		{974DAD0D-4456-4A35-9CAD-8F026BE80809}.Release|x86.ActiveCfg = Release|Any CPU
		{974DAD0D-4456-4A35-9CAD-8F026BE80809}.Release|x86.Build.0 = Release|Any CPU
		{195EE824-2926-4BCC-8DC0-0BD1FB54ADC9}.Debug|Any CPU.ActiveCfg = Debug|Any CPU
		{195EE824-2926-4BCC-8DC0-0BD1FB54ADC9}.Debug|Any CPU.Build.0 = Debug|Any CPU
		{195EE824-2926-4BCC-8DC0-0BD1FB54ADC9}.Debug|x64.ActiveCfg = Debug|Any CPU
		{195EE824-2926-4BCC-8DC0-0BD1FB54ADC9}.Debug|x64.Build.0 = Debug|Any CPU
		{195EE824-2926-4BCC-8DC0-0BD1FB54ADC9}.Debug|x86.ActiveCfg = Debug|Any CPU
		{195EE824-2926-4BCC-8DC0-0BD1FB54ADC9}.Debug|x86.Build.0 = Debug|Any CPU
		{195EE824-2926-4BCC-8DC0-0BD1FB54ADC9}.Release|Any CPU.ActiveCfg = Release|Any CPU
		{195EE824-2926-4BCC-8DC0-0BD1FB54ADC9}.Release|Any CPU.Build.0 = Release|Any CPU
		{195EE824-2926-4BCC-8DC0-0BD1FB54ADC9}.Release|x64.ActiveCfg = Release|Any CPU
		{195EE824-2926-4BCC-8DC0-0BD1FB54ADC9}.Release|x64.Build.0 = Release|Any CPU
		{195EE824-2926-4BCC-8DC0-0BD1FB54ADC9}.Release|x86.ActiveCfg = Release|Any CPU
		{195EE824-2926-4BCC-8DC0-0BD1FB54ADC9}.Release|x86.Build.0 = Release|Any CPU
		{F58C699E-6FDE-4AB4-9503-C25BDF1D0D77}.Debug|Any CPU.ActiveCfg = Debug|Any CPU
		{F58C699E-6FDE-4AB4-9503-C25BDF1D0D77}.Debug|Any CPU.Build.0 = Debug|Any CPU
		{F58C699E-6FDE-4AB4-9503-C25BDF1D0D77}.Debug|x64.ActiveCfg = Debug|Any CPU
		{F58C699E-6FDE-4AB4-9503-C25BDF1D0D77}.Debug|x64.Build.0 = Debug|Any CPU
		{F58C699E-6FDE-4AB4-9503-C25BDF1D0D77}.Debug|x86.ActiveCfg = Debug|Any CPU
		{F58C699E-6FDE-4AB4-9503-C25BDF1D0D77}.Debug|x86.Build.0 = Debug|Any CPU
		{F58C699E-6FDE-4AB4-9503-C25BDF1D0D77}.Release|Any CPU.ActiveCfg = Release|Any CPU
		{F58C699E-6FDE-4AB4-9503-C25BDF1D0D77}.Release|Any CPU.Build.0 = Release|Any CPU
		{F58C699E-6FDE-4AB4-9503-C25BDF1D0D77}.Release|x64.ActiveCfg = Release|Any CPU
		{F58C699E-6FDE-4AB4-9503-C25BDF1D0D77}.Release|x64.Build.0 = Release|Any CPU
		{F58C699E-6FDE-4AB4-9503-C25BDF1D0D77}.Release|x86.ActiveCfg = Release|Any CPU
		{F58C699E-6FDE-4AB4-9503-C25BDF1D0D77}.Release|x86.Build.0 = Release|Any CPU
		{BA777216-1346-CB48-4858-E2D3461F8468}.Debug|Any CPU.ActiveCfg = Debug|Any CPU
		{BA777216-1346-CB48-4858-E2D3461F8468}.Debug|Any CPU.Build.0 = Debug|Any CPU
		{BA777216-1346-CB48-4858-E2D3461F8468}.Debug|x64.ActiveCfg = Debug|Any CPU
		{BA777216-1346-CB48-4858-E2D3461F8468}.Debug|x64.Build.0 = Debug|Any CPU
		{BA777216-1346-CB48-4858-E2D3461F8468}.Debug|x86.ActiveCfg = Debug|Any CPU
		{BA777216-1346-CB48-4858-E2D3461F8468}.Debug|x86.Build.0 = Debug|Any CPU
		{BA777216-1346-CB48-4858-E2D3461F8468}.Release|Any CPU.ActiveCfg = Release|Any CPU
		{BA777216-1346-CB48-4858-E2D3461F8468}.Release|Any CPU.Build.0 = Release|Any CPU
		{BA777216-1346-CB48-4858-E2D3461F8468}.Release|x64.ActiveCfg = Release|Any CPU
		{BA777216-1346-CB48-4858-E2D3461F8468}.Release|x64.Build.0 = Release|Any CPU
		{BA777216-1346-CB48-4858-E2D3461F8468}.Release|x86.ActiveCfg = Release|Any CPU
		{BA777216-1346-CB48-4858-E2D3461F8468}.Release|x86.Build.0 = Release|Any CPU
		{87A5B7AD-00A8-4181-ACD9-9541E522DA18}.Debug|Any CPU.ActiveCfg = Debug|Any CPU
		{87A5B7AD-00A8-4181-ACD9-9541E522DA18}.Debug|Any CPU.Build.0 = Debug|Any CPU
		{87A5B7AD-00A8-4181-ACD9-9541E522DA18}.Debug|x64.ActiveCfg = Debug|Any CPU
		{87A5B7AD-00A8-4181-ACD9-9541E522DA18}.Debug|x64.Build.0 = Debug|Any CPU
		{87A5B7AD-00A8-4181-ACD9-9541E522DA18}.Debug|x86.ActiveCfg = Debug|Any CPU
		{87A5B7AD-00A8-4181-ACD9-9541E522DA18}.Debug|x86.Build.0 = Debug|Any CPU
		{87A5B7AD-00A8-4181-ACD9-9541E522DA18}.Release|Any CPU.ActiveCfg = Release|Any CPU
		{87A5B7AD-00A8-4181-ACD9-9541E522DA18}.Release|Any CPU.Build.0 = Release|Any CPU
		{87A5B7AD-00A8-4181-ACD9-9541E522DA18}.Release|x64.ActiveCfg = Release|Any CPU
		{87A5B7AD-00A8-4181-ACD9-9541E522DA18}.Release|x64.Build.0 = Release|Any CPU
		{87A5B7AD-00A8-4181-ACD9-9541E522DA18}.Release|x86.ActiveCfg = Release|Any CPU
		{87A5B7AD-00A8-4181-ACD9-9541E522DA18}.Release|x86.Build.0 = Release|Any CPU
		{6DBAC2AA-8502-420E-8C40-012423AC780C}.Debug|Any CPU.ActiveCfg = Debug|Any CPU
		{6DBAC2AA-8502-420E-8C40-012423AC780C}.Debug|Any CPU.Build.0 = Debug|Any CPU
		{6DBAC2AA-8502-420E-8C40-012423AC780C}.Debug|x64.ActiveCfg = Debug|Any CPU
		{6DBAC2AA-8502-420E-8C40-012423AC780C}.Debug|x64.Build.0 = Debug|Any CPU
		{6DBAC2AA-8502-420E-8C40-012423AC780C}.Debug|x86.ActiveCfg = Debug|Any CPU
		{6DBAC2AA-8502-420E-8C40-012423AC780C}.Debug|x86.Build.0 = Debug|Any CPU
		{6DBAC2AA-8502-420E-8C40-012423AC780C}.Release|Any CPU.ActiveCfg = Release|Any CPU
		{6DBAC2AA-8502-420E-8C40-012423AC780C}.Release|Any CPU.Build.0 = Release|Any CPU
		{6DBAC2AA-8502-420E-8C40-012423AC780C}.Release|x64.ActiveCfg = Release|Any CPU
		{6DBAC2AA-8502-420E-8C40-012423AC780C}.Release|x64.Build.0 = Release|Any CPU
		{6DBAC2AA-8502-420E-8C40-012423AC780C}.Release|x86.ActiveCfg = Release|Any CPU
		{6DBAC2AA-8502-420E-8C40-012423AC780C}.Release|x86.Build.0 = Release|Any CPU
		{A3F88D80-36BB-4139-9A81-8F262E3A7068}.Debug|Any CPU.ActiveCfg = Debug|Any CPU
		{A3F88D80-36BB-4139-9A81-8F262E3A7068}.Debug|Any CPU.Build.0 = Debug|Any CPU
		{A3F88D80-36BB-4139-9A81-8F262E3A7068}.Debug|x64.ActiveCfg = Debug|Any CPU
		{A3F88D80-36BB-4139-9A81-8F262E3A7068}.Debug|x64.Build.0 = Debug|Any CPU
		{A3F88D80-36BB-4139-9A81-8F262E3A7068}.Debug|x86.ActiveCfg = Debug|Any CPU
		{A3F88D80-36BB-4139-9A81-8F262E3A7068}.Debug|x86.Build.0 = Debug|Any CPU
		{A3F88D80-36BB-4139-9A81-8F262E3A7068}.Release|Any CPU.ActiveCfg = Release|Any CPU
		{A3F88D80-36BB-4139-9A81-8F262E3A7068}.Release|Any CPU.Build.0 = Release|Any CPU
		{A3F88D80-36BB-4139-9A81-8F262E3A7068}.Release|x64.ActiveCfg = Release|Any CPU
		{A3F88D80-36BB-4139-9A81-8F262E3A7068}.Release|x64.Build.0 = Release|Any CPU
		{A3F88D80-36BB-4139-9A81-8F262E3A7068}.Release|x86.ActiveCfg = Release|Any CPU
		{A3F88D80-36BB-4139-9A81-8F262E3A7068}.Release|x86.Build.0 = Release|Any CPU
		{0BB31452-B127-41E3-8F96-614542E3E366}.Debug|Any CPU.ActiveCfg = Debug|Any CPU
		{0BB31452-B127-41E3-8F96-614542E3E366}.Debug|Any CPU.Build.0 = Debug|Any CPU
		{0BB31452-B127-41E3-8F96-614542E3E366}.Debug|x64.ActiveCfg = Debug|Any CPU
		{0BB31452-B127-41E3-8F96-614542E3E366}.Debug|x64.Build.0 = Debug|Any CPU
		{0BB31452-B127-41E3-8F96-614542E3E366}.Debug|x86.ActiveCfg = Debug|Any CPU
		{0BB31452-B127-41E3-8F96-614542E3E366}.Debug|x86.Build.0 = Debug|Any CPU
		{0BB31452-B127-41E3-8F96-614542E3E366}.Release|Any CPU.ActiveCfg = Release|Any CPU
		{0BB31452-B127-41E3-8F96-614542E3E366}.Release|Any CPU.Build.0 = Release|Any CPU
		{0BB31452-B127-41E3-8F96-614542E3E366}.Release|x64.ActiveCfg = Release|Any CPU
		{0BB31452-B127-41E3-8F96-614542E3E366}.Release|x64.Build.0 = Release|Any CPU
		{0BB31452-B127-41E3-8F96-614542E3E366}.Release|x86.ActiveCfg = Release|Any CPU
		{0BB31452-B127-41E3-8F96-614542E3E366}.Release|x86.Build.0 = Release|Any CPU
		{9530DDC2-04DF-8D82-CF3C-006FFFBE71B0}.Debug|Any CPU.ActiveCfg = Debug|Any CPU
		{9530DDC2-04DF-8D82-CF3C-006FFFBE71B0}.Debug|Any CPU.Build.0 = Debug|Any CPU
		{9530DDC2-04DF-8D82-CF3C-006FFFBE71B0}.Debug|x64.ActiveCfg = Debug|Any CPU
		{9530DDC2-04DF-8D82-CF3C-006FFFBE71B0}.Debug|x64.Build.0 = Debug|Any CPU
		{9530DDC2-04DF-8D82-CF3C-006FFFBE71B0}.Debug|x86.ActiveCfg = Debug|Any CPU
		{9530DDC2-04DF-8D82-CF3C-006FFFBE71B0}.Debug|x86.Build.0 = Debug|Any CPU
		{9530DDC2-04DF-8D82-CF3C-006FFFBE71B0}.Release|Any CPU.ActiveCfg = Release|Any CPU
		{9530DDC2-04DF-8D82-CF3C-006FFFBE71B0}.Release|Any CPU.Build.0 = Release|Any CPU
		{9530DDC2-04DF-8D82-CF3C-006FFFBE71B0}.Release|x64.ActiveCfg = Release|Any CPU
		{9530DDC2-04DF-8D82-CF3C-006FFFBE71B0}.Release|x64.Build.0 = Release|Any CPU
		{9530DDC2-04DF-8D82-CF3C-006FFFBE71B0}.Release|x86.ActiveCfg = Release|Any CPU
		{9530DDC2-04DF-8D82-CF3C-006FFFBE71B0}.Release|x86.Build.0 = Release|Any CPU
		{CF3D1B2A-BBAA-5A97-0D8F-76062F2F6D37}.Debug|Any CPU.ActiveCfg = Debug|Any CPU
		{CF3D1B2A-BBAA-5A97-0D8F-76062F2F6D37}.Debug|Any CPU.Build.0 = Debug|Any CPU
		{CF3D1B2A-BBAA-5A97-0D8F-76062F2F6D37}.Debug|x64.ActiveCfg = Debug|Any CPU
		{CF3D1B2A-BBAA-5A97-0D8F-76062F2F6D37}.Debug|x64.Build.0 = Debug|Any CPU
		{CF3D1B2A-BBAA-5A97-0D8F-76062F2F6D37}.Debug|x86.ActiveCfg = Debug|Any CPU
		{CF3D1B2A-BBAA-5A97-0D8F-76062F2F6D37}.Debug|x86.Build.0 = Debug|Any CPU
		{CF3D1B2A-BBAA-5A97-0D8F-76062F2F6D37}.Release|Any CPU.ActiveCfg = Release|Any CPU
		{CF3D1B2A-BBAA-5A97-0D8F-76062F2F6D37}.Release|Any CPU.Build.0 = Release|Any CPU
		{CF3D1B2A-BBAA-5A97-0D8F-76062F2F6D37}.Release|x64.ActiveCfg = Release|Any CPU
		{CF3D1B2A-BBAA-5A97-0D8F-76062F2F6D37}.Release|x64.Build.0 = Release|Any CPU
		{CF3D1B2A-BBAA-5A97-0D8F-76062F2F6D37}.Release|x86.ActiveCfg = Release|Any CPU
		{CF3D1B2A-BBAA-5A97-0D8F-76062F2F6D37}.Release|x86.Build.0 = Release|Any CPU
		{953CF4D8-80FC-6C48-F087-FE3D052E52A2}.Debug|Any CPU.ActiveCfg = Debug|Any CPU
		{953CF4D8-80FC-6C48-F087-FE3D052E52A2}.Debug|Any CPU.Build.0 = Debug|Any CPU
		{953CF4D8-80FC-6C48-F087-FE3D052E52A2}.Debug|x64.ActiveCfg = Debug|Any CPU
		{953CF4D8-80FC-6C48-F087-FE3D052E52A2}.Debug|x64.Build.0 = Debug|Any CPU
		{953CF4D8-80FC-6C48-F087-FE3D052E52A2}.Debug|x86.ActiveCfg = Debug|Any CPU
		{953CF4D8-80FC-6C48-F087-FE3D052E52A2}.Debug|x86.Build.0 = Debug|Any CPU
		{953CF4D8-80FC-6C48-F087-FE3D052E52A2}.Release|Any CPU.ActiveCfg = Release|Any CPU
		{953CF4D8-80FC-6C48-F087-FE3D052E52A2}.Release|Any CPU.Build.0 = Release|Any CPU
		{953CF4D8-80FC-6C48-F087-FE3D052E52A2}.Release|x64.ActiveCfg = Release|Any CPU
		{953CF4D8-80FC-6C48-F087-FE3D052E52A2}.Release|x64.Build.0 = Release|Any CPU
		{953CF4D8-80FC-6C48-F087-FE3D052E52A2}.Release|x86.ActiveCfg = Release|Any CPU
		{953CF4D8-80FC-6C48-F087-FE3D052E52A2}.Release|x86.Build.0 = Release|Any CPU
		{4310EAD0-B720-403A-9691-F83D09789183}.Debug|Any CPU.ActiveCfg = Debug|Any CPU
		{4310EAD0-B720-403A-9691-F83D09789183}.Debug|Any CPU.Build.0 = Debug|Any CPU
		{4310EAD0-B720-403A-9691-F83D09789183}.Debug|x64.ActiveCfg = Debug|Any CPU
		{4310EAD0-B720-403A-9691-F83D09789183}.Debug|x64.Build.0 = Debug|Any CPU
		{4310EAD0-B720-403A-9691-F83D09789183}.Debug|x86.ActiveCfg = Debug|Any CPU
		{4310EAD0-B720-403A-9691-F83D09789183}.Debug|x86.Build.0 = Debug|Any CPU
		{4310EAD0-B720-403A-9691-F83D09789183}.Release|Any CPU.ActiveCfg = Release|Any CPU
		{4310EAD0-B720-403A-9691-F83D09789183}.Release|Any CPU.Build.0 = Release|Any CPU
		{4310EAD0-B720-403A-9691-F83D09789183}.Release|x64.ActiveCfg = Release|Any CPU
		{4310EAD0-B720-403A-9691-F83D09789183}.Release|x64.Build.0 = Release|Any CPU
		{4310EAD0-B720-403A-9691-F83D09789183}.Release|x86.ActiveCfg = Release|Any CPU
		{4310EAD0-B720-403A-9691-F83D09789183}.Release|x86.Build.0 = Release|Any CPU
		{4FE14721-4BA0-41D1-8B05-F741F46604DD}.Debug|Any CPU.ActiveCfg = Debug|Any CPU
		{4FE14721-4BA0-41D1-8B05-F741F46604DD}.Debug|Any CPU.Build.0 = Debug|Any CPU
		{4FE14721-4BA0-41D1-8B05-F741F46604DD}.Debug|x64.ActiveCfg = Debug|Any CPU
		{4FE14721-4BA0-41D1-8B05-F741F46604DD}.Debug|x64.Build.0 = Debug|Any CPU
		{4FE14721-4BA0-41D1-8B05-F741F46604DD}.Debug|x86.ActiveCfg = Debug|Any CPU
		{4FE14721-4BA0-41D1-8B05-F741F46604DD}.Debug|x86.Build.0 = Debug|Any CPU
		{4FE14721-4BA0-41D1-8B05-F741F46604DD}.Release|Any CPU.ActiveCfg = Release|Any CPU
		{4FE14721-4BA0-41D1-8B05-F741F46604DD}.Release|Any CPU.Build.0 = Release|Any CPU
		{4FE14721-4BA0-41D1-8B05-F741F46604DD}.Release|x64.ActiveCfg = Release|Any CPU
		{4FE14721-4BA0-41D1-8B05-F741F46604DD}.Release|x64.Build.0 = Release|Any CPU
		{4FE14721-4BA0-41D1-8B05-F741F46604DD}.Release|x86.ActiveCfg = Release|Any CPU
		{4FE14721-4BA0-41D1-8B05-F741F46604DD}.Release|x86.Build.0 = Release|Any CPU
		{2A399414-FBE2-40E4-8DF7-AE6DAA738E4A}.Debug|Any CPU.ActiveCfg = Debug|Any CPU
		{2A399414-FBE2-40E4-8DF7-AE6DAA738E4A}.Debug|Any CPU.Build.0 = Debug|Any CPU
		{2A399414-FBE2-40E4-8DF7-AE6DAA738E4A}.Debug|x64.ActiveCfg = Debug|Any CPU
		{2A399414-FBE2-40E4-8DF7-AE6DAA738E4A}.Debug|x64.Build.0 = Debug|Any CPU
		{2A399414-FBE2-40E4-8DF7-AE6DAA738E4A}.Debug|x86.ActiveCfg = Debug|Any CPU
		{2A399414-FBE2-40E4-8DF7-AE6DAA738E4A}.Debug|x86.Build.0 = Debug|Any CPU
		{2A399414-FBE2-40E4-8DF7-AE6DAA738E4A}.Release|Any CPU.ActiveCfg = Release|Any CPU
		{2A399414-FBE2-40E4-8DF7-AE6DAA738E4A}.Release|Any CPU.Build.0 = Release|Any CPU
		{2A399414-FBE2-40E4-8DF7-AE6DAA738E4A}.Release|x64.ActiveCfg = Release|Any CPU
		{2A399414-FBE2-40E4-8DF7-AE6DAA738E4A}.Release|x64.Build.0 = Release|Any CPU
		{2A399414-FBE2-40E4-8DF7-AE6DAA738E4A}.Release|x86.ActiveCfg = Release|Any CPU
		{2A399414-FBE2-40E4-8DF7-AE6DAA738E4A}.Release|x86.Build.0 = Release|Any CPU
		{BD045437-1824-2B50-734F-010D54367183}.Debug|Any CPU.ActiveCfg = Debug|Any CPU
		{BD045437-1824-2B50-734F-010D54367183}.Debug|Any CPU.Build.0 = Debug|Any CPU
		{BD045437-1824-2B50-734F-010D54367183}.Debug|x64.ActiveCfg = Debug|Any CPU
		{BD045437-1824-2B50-734F-010D54367183}.Debug|x64.Build.0 = Debug|Any CPU
		{BD045437-1824-2B50-734F-010D54367183}.Debug|x86.ActiveCfg = Debug|Any CPU
		{BD045437-1824-2B50-734F-010D54367183}.Debug|x86.Build.0 = Debug|Any CPU
		{BD045437-1824-2B50-734F-010D54367183}.Release|Any CPU.ActiveCfg = Release|Any CPU
		{BD045437-1824-2B50-734F-010D54367183}.Release|Any CPU.Build.0 = Release|Any CPU
		{BD045437-1824-2B50-734F-010D54367183}.Release|x64.ActiveCfg = Release|Any CPU
		{BD045437-1824-2B50-734F-010D54367183}.Release|x64.Build.0 = Release|Any CPU
		{BD045437-1824-2B50-734F-010D54367183}.Release|x86.ActiveCfg = Release|Any CPU
		{BD045437-1824-2B50-734F-010D54367183}.Release|x86.Build.0 = Release|Any CPU
		{B1992339-F996-1BAC-D7A3-BA0D3BFA3CB2}.Debug|Any CPU.ActiveCfg = Debug|Any CPU
		{B1992339-F996-1BAC-D7A3-BA0D3BFA3CB2}.Debug|Any CPU.Build.0 = Debug|Any CPU
		{B1992339-F996-1BAC-D7A3-BA0D3BFA3CB2}.Debug|x64.ActiveCfg = Debug|Any CPU
		{B1992339-F996-1BAC-D7A3-BA0D3BFA3CB2}.Debug|x64.Build.0 = Debug|Any CPU
		{B1992339-F996-1BAC-D7A3-BA0D3BFA3CB2}.Debug|x86.ActiveCfg = Debug|Any CPU
		{B1992339-F996-1BAC-D7A3-BA0D3BFA3CB2}.Debug|x86.Build.0 = Debug|Any CPU
		{B1992339-F996-1BAC-D7A3-BA0D3BFA3CB2}.Release|Any CPU.ActiveCfg = Release|Any CPU
		{B1992339-F996-1BAC-D7A3-BA0D3BFA3CB2}.Release|Any CPU.Build.0 = Release|Any CPU
		{B1992339-F996-1BAC-D7A3-BA0D3BFA3CB2}.Release|x64.ActiveCfg = Release|Any CPU
		{B1992339-F996-1BAC-D7A3-BA0D3BFA3CB2}.Release|x64.Build.0 = Release|Any CPU
		{B1992339-F996-1BAC-D7A3-BA0D3BFA3CB2}.Release|x86.ActiveCfg = Release|Any CPU
		{B1992339-F996-1BAC-D7A3-BA0D3BFA3CB2}.Release|x86.Build.0 = Release|Any CPU
		{BDB116FA-CC73-F537-B93D-539EFF662549}.Debug|Any CPU.ActiveCfg = Debug|Any CPU
		{BDB116FA-CC73-F537-B93D-539EFF662549}.Debug|Any CPU.Build.0 = Debug|Any CPU
		{BDB116FA-CC73-F537-B93D-539EFF662549}.Debug|x64.ActiveCfg = Debug|Any CPU
		{BDB116FA-CC73-F537-B93D-539EFF662549}.Debug|x64.Build.0 = Debug|Any CPU
		{BDB116FA-CC73-F537-B93D-539EFF662549}.Debug|x86.ActiveCfg = Debug|Any CPU
		{BDB116FA-CC73-F537-B93D-539EFF662549}.Debug|x86.Build.0 = Debug|Any CPU
		{BDB116FA-CC73-F537-B93D-539EFF662549}.Release|Any CPU.ActiveCfg = Release|Any CPU
		{BDB116FA-CC73-F537-B93D-539EFF662549}.Release|Any CPU.Build.0 = Release|Any CPU
		{BDB116FA-CC73-F537-B93D-539EFF662549}.Release|x64.ActiveCfg = Release|Any CPU
		{BDB116FA-CC73-F537-B93D-539EFF662549}.Release|x64.Build.0 = Release|Any CPU
		{BDB116FA-CC73-F537-B93D-539EFF662549}.Release|x86.ActiveCfg = Release|Any CPU
		{BDB116FA-CC73-F537-B93D-539EFF662549}.Release|x86.Build.0 = Release|Any CPU
	EndGlobalSection
	GlobalSection(SolutionProperties) = preSolution
		HideSolutionNode = FALSE
	EndGlobalSection
	GlobalSection(NestedProjects) = preSolution
		{5679C737-09E8-3ED3-AE3A-5286D2EC3DDE} = {C7B26EB5-4B7F-41E6-A712-D1269A506AE2}
		{195EE824-2926-4BCC-8DC0-0BD1FB54ADC9} = {C7B26EB5-4B7F-41E6-A712-D1269A506AE2}
		{F58C699E-6FDE-4AB4-9503-C25BDF1D0D77} = {C7B26EB5-4B7F-41E6-A712-D1269A506AE2}
		{87A5B7AD-00A8-4181-ACD9-9541E522DA18} = {C7B26EB5-4B7F-41E6-A712-D1269A506AE2}
		{6DBAC2AA-8502-420E-8C40-012423AC780C} = {C7B26EB5-4B7F-41E6-A712-D1269A506AE2}
		{0BB31452-B127-41E3-8F96-614542E3E366} = {C7B26EB5-4B7F-41E6-A712-D1269A506AE2}
		{953CF4D8-80FC-6C48-F087-FE3D052E52A2} = {C5A37EE8-4B27-44F5-9751-23B4156E9761}
		{4310EAD0-B720-403A-9691-F83D09789183} = {C5A37EE8-4B27-44F5-9751-23B4156E9761}
		{4FE14721-4BA0-41D1-8B05-F741F46604DD} = {C5A37EE8-4B27-44F5-9751-23B4156E9761}
		{2A399414-FBE2-40E4-8DF7-AE6DAA738E4A} = {C5A37EE8-4B27-44F5-9751-23B4156E9761}
		{BD045437-1824-2B50-734F-010D54367183} = {C7B26EB5-4B7F-41E6-A712-D1269A506AE2}
		{B1992339-F996-1BAC-D7A3-BA0D3BFA3CB2} = {C7B26EB5-4B7F-41E6-A712-D1269A506AE2}
		{BDB116FA-CC73-F537-B93D-539EFF662549} = {C7B26EB5-4B7F-41E6-A712-D1269A506AE2}
	EndGlobalSection
	GlobalSection(ExtensibilityGlobals) = postSolution
		SolutionGuid = {D42704C8-5554-43F7-8FCA-A5C7BE9F341B}
	EndGlobalSection
EndGlobal
