<Solution>

  <!-- Demos -->
  <Folder Name="/demos/">
    <Project Path="demos/AgenticDesignPatternsDemo/AgenticDesignPatternsDemo.csproj" Id="45077479-c130-4f53-9cca-1f43da49c235" />
    <Project Path="demos/AgentToAgentProtocolDemo/AgentToAgentProtocolDemo.csproj" Id="7acad539-35f2-41fb-933b-fb8b8348a6e8" />
    <Project Path="demos/Connect4Demo/Connect4Demo.csproj">
      <Build Solution="Debug|*" Project="false" />
    </Project>
    <Project Path="demos/LogEventsDemo/LogEventsDemo.csproj" Id="23aa0734-a003-485b-a2ee-46367f61ad39" />
    <Project Path="demos/PetAdoptionDemo/PetAdoptionDemo.csproj" Id="6601b5b6-b40c-4029-a813-980671103dad">
      <Build Solution="Debug|*" Project="false" />
    </Project>
    <Project Path="demos/SkillCatalogDemo/SkillCatalogDemo.csproj" />
    <Project Path="demos\AgenticWebDemo\AgenticWebDemo.csproj" />
    <Project Path="demos\BasicAgentDemo\BasicAgentDemo.csproj" />
    <Project Path="demos\DesignPipelineDemo\DesignPipelineDemo.csproj" />
    <Project Path="demos\LongTermMemoryDemo\LongTermMemoryDemo.csproj" />
    <Project Path="demos\McpServerDemo\McpServerDemo.csproj" />
    <Project Path="demos\SimpleWorkflowDemo\SimpleWorkflowDemo.csproj" />
    <Project Path="demos\StateMachineDemo\StateMachineDemo.csproj" />
  </Folder>

  <!-- Tests -->
  <Folder Name="/tests/">
    <Project Path="tests/Ananke.Integration.Tests/Ananke.Integration.Tests.csproj" Id="66d3c478-f1e6-4e7f-9c3c-9ea973c5c84f">
      <Build Solution="Debug|*" Project="false" />
    </Project>
    <Project Path="tests/Ananke.Learning.Tests/Ananke.Learning.Tests.csproj" Id="82daa2d2-e837-4c95-86d2-18249d5273ec" />
    <Project Path="tests\Ananke.Design.Tests\Ananke.Design.Tests.csproj" />
    <Project Path="tests\Ananke.Documents.Tests\Ananke.Documents.Tests.csproj" />
    <Project Path="tests\Ananke.Orchestration.Tests\Ananke.Orchestration.Tests.csproj" />
    <Project Path="tests\Ananke.StateMachine.Tests\Ananke.StateMachine.Tests.csproj" />
  </Folder>

  <!-- Pipeline / build configuration -->
  <Folder Name="/.pipeline/">
    <File Path="Directory.Build.props" />
    <File Path="../.github/copilot-instructions.md" />
    <File Path="..\.github\workflows\pipeline.yml" />
  </Folder>
  <Project Path="Ananke.A2A\Ananke.A2A.csproj" />
  <Project Path="Ananke.Abstractions\Ananke.Abstractions.csproj" />
  <Project Path="Ananke.AspNetCore/Ananke.AspNetCore.csproj" Id="99059bd8-4541-421b-85eb-462b95723e85">
    <Build Solution="Debug|*" Project="false" />
  </Project>
  <Project Path="Ananke.Design\Ananke.Design.csproj" />
  <Project Path="Ananke.Documents\Ananke.Documents.csproj" />
  <Project Path="Ananke.Learning/Ananke.Learning.csproj" Id="4e1339be-51d1-4550-9474-76b3a4e82cf4" />
  <Project Path="Ananke.MCP\Ananke.MCP.csproj" />
  <Project Path="Ananke.MQTT\Ananke.MQTT.csproj" />
  <Project Path="Ananke.OpenTelemetry\Ananke.OpenTelemetry.csproj" />
  <Project Path="Ananke.Orchestration.Anthropic\Ananke.Orchestration.Anthropic.csproj" />
  <Project Path="Ananke.Orchestration.Google\Ananke.Orchestration.Google.csproj" />
  <Project Path="Ananke.Orchestration.OpenAI\Ananke.Orchestration.OpenAI.csproj" />
  <Project Path="Ananke.Orchestration\Ananke.Orchestration.csproj" />
  <Project Path="Ananke.Qdrant\Ananke.Qdrant.csproj" />
  <Project Path="Ananke.Redis\Ananke.Redis.csproj" />
  <Project Path="Ananke.Skills/Ananke.Skills.csproj" />
  <Project Path="Ananke.StateMachine\Ananke.StateMachine.csproj" />
  <Project Path="Ananke\Ananke.csproj" />
  <Project Path="wiki/wiki.csproj" />

</Solution>
